// !$*UTF8*$!
{
	archiveVersion = 1;
	classes = {
	};
	objectVersion = 56;
	objects = {

/* Begin PBXBuildFile section */
		4143051E28F4C62600FF8A54 /* README.md in Resources */ = {isa = PBXBuildFile; fileRef = 4143051D28F4C62600FF8A54 /* README.md */; };
		4143052028F4C8B700FF8A54 /* Icon.jpeg in Resources */ = {isa = PBXBuildFile; fileRef = 4143051F28F4C8B700FF8A54 /* Icon.jpeg */; };
		4143052428F4CE5200FF8A54 /* screen1.png in Resources */ = {isa = PBXBuildFile; fileRef = 4143052128F4CE5200FF8A54 /* screen1.png */; };
		4143052528F4CE5200FF8A54 /* screen3.png in Resources */ = {isa = PBXBuildFile; fileRef = 4143052228F4CE5200FF8A54 /* screen3.png */; };
		4143052628F4CE5200FF8A54 /* screen2.png in Resources */ = {isa = PBXBuildFile; fileRef = 4143052328F4CE5200FF8A54 /* screen2.png */; };
		41452D0828CCDBE800290675 /* NumbersGameApp.swift in Sources */ = {isa = PBXBuildFile; fileRef = 41452D0728CCDBE800290675 /* NumbersGameApp.swift */; };
		41452D0A28CCDBE800290675 /* MainGameView.swift in Sources */ = {isa = PBXBuildFile; fileRef = 41452D0928CCDBE800290675 /* MainGameView.swift */; };
		41452D0C28CCDBE900290675 /* Assets.xcassets in Resources */ = {isa = PBXBuildFile; fileRef = 41452D0B28CCDBE900290675 /* Assets.xcassets */; };
		41452D0F28CCDBE900290675 /* Preview Assets.xcassets in Resources */ = {isa = PBXBuildFile; fileRef = 41452D0E28CCDBE900290675 /* Preview Assets.xcassets */; };
		41452D1A28CCDC5300290675 /* Cell.swift in Sources */ = {isa = PBXBuildFile; fileRef = 41452D1928CCDC5300290675 /* Cell.swift */; };
		418A072A28D78C6F003C92FF /* ColorTheme.swift in Sources */ = {isa = PBXBuildFile; fileRef = 418A072928D78C6F003C92FF /* ColorTheme.swift */; };
		418A072C28D78D0D003C92FF /* IntFormat.swift in Sources */ = {isa = PBXBuildFile; fileRef = 418A072B28D78D0D003C92FF /* IntFormat.swift */; };
		418A072F28D78ED5003C92FF /* GameEngine.swift in Sources */ = {isa = PBXBuildFile; fileRef = 418A072E28D78ED5003C92FF /* GameEngine.swift */; };
		418A073128D8DD90003C92FF /* GameGridView.swift in Sources */ = {isa = PBXBuildFile; fileRef = 418A073028D8DD90003C92FF /* GameGridView.swift */; };
		418A073728DA2169003C92FF /* GameViewModel.swift in Sources */ = {isa = PBXBuildFile; fileRef = 418A073628DA2169003C92FF /* GameViewModel.swift */; };
		418A073928DA52AD003C92FF /* GameDataManager.swift in Sources */ = {isa = PBXBuildFile; fileRef = 418A073828DA52AD003C92FF /* GameDataManager.swift */; };
		41C3627B28CCE69F0040804B /* CellView.swift in Sources */ = {isa = PBXBuildFile; fileRef = 41C3627A28CCE69F0040804B /* CellView.swift */; };
		41CCCB6C28D1453E0081AF19 /* LocalFileManager.swift in Sources */ = {isa = PBXBuildFile; fileRef = 41CCCB6B28D1453E0081AF19 /* LocalFileManager.swift */; };
		41DA333528F262890069CA80 /* InfoCard.swift in Sources */ = {isa = PBXBuildFile; fileRef = 41DA333428F262890069CA80 /* InfoCard.swift */; };
		41DA333928F32AD30069CA80 /* GridView.swift in Sources */ = {isa = PBXBuildFile; fileRef = 41DA333828F32AD30069CA80 /* GridView.swift */; };
/* End PBXBuildFile section */

/* Begin PBXFileReference section */
		4143051D28F4C62600FF8A54 /* README.md */ = {isa = PBXFileReference; lastKnownFileType = net.daringfireball.markdown; path = README.md; sourceTree = "<group>"; };
		4143051F28F4C8B700FF8A54 /* Icon.jpeg */ = {isa = PBXFileReference; lastKnownFileType = image.jpeg; path = Icon.jpeg; sourceTree = "<group>"; };
		4143052128F4CE5200FF8A54 /* screen1.png */ = {isa = PBXFileReference; lastKnownFileType = image.png; name = screen1.png; path = ../../../Desktop/screen1.png; sourceTree = "<group>"; };
		4143052228F4CE5200FF8A54 /* screen3.png */ = {isa = PBXFileReference; lastKnownFileType = image.png; name = screen3.png; path = ../../../Desktop/screen3.png; sourceTree = "<group>"; };
		4143052328F4CE5200FF8A54 /* screen2.png */ = {isa = PBXFileReference; lastKnownFileType = image.png; name = screen2.png; path = ../../../Desktop/screen2.png; sourceTree = "<group>"; };
		41452D0428CCDBE800290675 /* 2048Game.app */ = {isa = PBXFileReference; explicitFileType = wrapper.application; includeInIndex = 0; path = 2048Game.app; sourceTree = BUILT_PRODUCTS_DIR; };
		41452D0728CCDBE800290675 /* NumbersGameApp.swift */ = {isa = PBXFileReference; lastKnownFileType = sourcecode.swift; path = NumbersGameApp.swift; sourceTree = "<group>"; };
		41452D0928CCDBE800290675 /* MainGameView.swift */ = {isa = PBXFileReference; lastKnownFileType = sourcecode.swift; path = MainGameView.swift; sourceTree = "<group>"; };
		41452D0B28CCDBE900290675 /* Assets.xcassets */ = {isa = PBXFileReference; lastKnownFileType = folder.assetcatalog; path = Assets.xcassets; sourceTree = "<group>"; };
		41452D0E28CCDBE900290675 /* Preview Assets.xcassets */ = {isa = PBXFileReference; lastKnownFileType = folder.assetcatalog; path = "Preview Assets.xcassets"; sourceTree = "<group>"; };
		41452D1928CCDC5300290675 /* Cell.swift */ = {isa = PBXFileReference; lastKnownFileType = sourcecode.swift; path = Cell.swift; sourceTree = "<group>"; };
		418A072928D78C6F003C92FF /* ColorTheme.swift */ = {isa = PBXFileReference; lastKnownFileType = sourcecode.swift; path = ColorTheme.swift; sourceTree = "<group>"; };
		418A072B28D78D0D003C92FF /* IntFormat.swift */ = {isa = PBXFileReference; lastKnownFileType = sourcecode.swift; path = IntFormat.swift; sourceTree = "<group>"; };
		418A072E28D78ED5003C92FF /* GameEngine.swift */ = {isa = PBXFileReference; lastKnownFileType = sourcecode.swift; path = GameEngine.swift; sourceTree = "<group>"; };
		418A073028D8DD90003C92FF /* GameGridView.swift */ = {isa = PBXFileReference; lastKnownFileType = sourcecode.swift; path = GameGridView.swift; sourceTree = "<group>"; };
		418A073628DA2169003C92FF /* GameViewModel.swift */ = {isa = PBXFileReference; lastKnownFileType = sourcecode.swift; path = GameViewModel.swift; sourceTree = "<group>"; };
		418A073828DA52AD003C92FF /* GameDataManager.swift */ = {isa = PBXFileReference; lastKnownFileType = sourcecode.swift; path = GameDataManager.swift; sourceTree = "<group>"; };
		41C3627A28CCE69F0040804B /* CellView.swift */ = {isa = PBXFileReference; lastKnownFileType = sourcecode.swift; path = CellView.swift; sourceTree = "<group>"; };
		41CCCB6B28D1453E0081AF19 /* LocalFileManager.swift */ = {isa = PBXFileReference; lastKnownFileType = sourcecode.swift; path = LocalFileManager.swift; sourceTree = "<group>"; };
		41DA333428F262890069CA80 /* InfoCard.swift */ = {isa = PBXFileReference; fileEncoding = 4; lastKnownFileType = sourcecode.swift; path = InfoCard.swift; sourceTree = "<group>"; };
		41DA333828F32AD30069CA80 /* GridView.swift */ = {isa = PBXFileReference; lastKnownFileType = sourcecode.swift; path = GridView.swift; sourceTree = "<group>"; };
/* End PBXFileReference section */

/* Begin PBXFrameworksBuildPhase section */
		41452D0128CCDBE800290675 /* Frameworks */ = {
			isa = PBXFrameworksBuildPhase;
			buildActionMask = 2147483647;
			files = (
			);
			runOnlyForDeploymentPostprocessing = 0;
		};
/* End PBXFrameworksBuildPhase section */

/* Begin PBXGroup section */
		41452CFB28CCDBE800290675 = {
			isa = PBXGroup;
			children = (
				4143052128F4CE5200FF8A54 /* screen1.png */,
				4143052328F4CE5200FF8A54 /* screen2.png */,
				4143052228F4CE5200FF8A54 /* screen3.png */,
				4143051F28F4C8B700FF8A54 /* Icon.jpeg */,
				4143051D28F4C62600FF8A54 /* README.md */,
				41452D0628CCDBE800290675 /* 2048Game */,
				41452D0528CCDBE800290675 /* Products */,
			);
			sourceTree = "<group>";
		};
		41452D0528CCDBE800290675 /* Products */ = {
			isa = PBXGroup;
			children = (
				41452D0428CCDBE800290675 /* 2048Game.app */,
			);
			name = Products;
			sourceTree = "<group>";
		};
		41452D0628CCDBE800290675 /* 2048Game */ = {
			isa = PBXGroup;
			children = (
				418A072D28D78EA0003C92FF /* Extensions */,
				41AE7B3B28CE443200AEC66C /* DataStore */,
				41452D1528CCDC0300290675 /* Model */,
				41452D1B28CCDD0800290675 /* ViewModel */,
				41452D1628CCDC0D00290675 /* View */,
				41452D0728CCDBE800290675 /* NumbersGameApp.swift */,
				41452D0B28CCDBE900290675 /* Assets.xcassets */,
				41452D0D28CCDBE900290675 /* Preview Content */,
			);
			path = 2048Game;
			sourceTree = "<group>";
		};
		41452D0D28CCDBE900290675 /* Preview Content */ = {
			isa = PBXGroup;
			children = (
				41452D0E28CCDBE900290675 /* Preview Assets.xcassets */,
			);
			path = "Preview Content";
			sourceTree = "<group>";
		};
		41452D1528CCDC0300290675 /* Model */ = {
			isa = PBXGroup;
			children = (
				418A072E28D78ED5003C92FF /* GameEngine.swift */,
				41452D1928CCDC5300290675 /* Cell.swift */,
			);
			path = Model;
			sourceTree = "<group>";
		};
		41452D1628CCDC0D00290675 /* View */ = {
			isa = PBXGroup;
			children = (
				41452D0928CCDBE800290675 /* MainGameView.swift */,
				41DA333428F262890069CA80 /* InfoCard.swift */,
				418A073028D8DD90003C92FF /* GameGridView.swift */,
				41DA333828F32AD30069CA80 /* GridView.swift */,
				41C3627A28CCE69F0040804B /* CellView.swift */,
			);
			path = View;
			sourceTree = "<group>";
		};
		41452D1B28CCDD0800290675 /* ViewModel */ = {
			isa = PBXGroup;
			children = (
				418A073628DA2169003C92FF /* GameViewModel.swift */,
			);
			path = ViewModel;
			sourceTree = "<group>";
		};
		418A072D28D78EA0003C92FF /* Extensions */ = {
			isa = PBXGroup;
			children = (
				418A072928D78C6F003C92FF /* ColorTheme.swift */,
				418A072B28D78D0D003C92FF /* IntFormat.swift */,
			);
			path = Extensions;
			sourceTree = "<group>";
		};
		41AE7B3B28CE443200AEC66C /* DataStore */ = {
			isa = PBXGroup;
			children = (
				41CCCB6B28D1453E0081AF19 /* LocalFileManager.swift */,
				418A073828DA52AD003C92FF /* GameDataManager.swift */,
			);
			path = DataStore;
			sourceTree = "<group>";
		};
/* End PBXGroup section */

/* Begin PBXNativeTarget section */
		41452D0328CCDBE800290675 /* 2048Game */ = {
			isa = PBXNativeTarget;
			buildConfigurationList = 41452D1228CCDBE900290675 /* Build configuration list for PBXNativeTarget "2048Game" */;
			buildPhases = (
				41452D0028CCDBE800290675 /* Sources */,
				41452D0128CCDBE800290675 /* Frameworks */,
				41452D0228CCDBE800290675 /* Resources */,
			);
			buildRules = (
			);
			dependencies = (
			);
			name = 2048Game;
			productName = 2048Game;
			productReference = 41452D0428CCDBE800290675 /* 2048Game.app */;
			productType = "com.apple.product-type.application";
		};
/* End PBXNativeTarget section */

/* Begin PBXProject section */
		41452CFC28CCDBE800290675 /* Project object */ = {
			isa = PBXProject;
			attributes = {
				BuildIndependentTargetsInParallel = 1;
				LastSwiftUpdateCheck = 1400;
				LastUpgradeCheck = 1400;
				TargetAttributes = {
					41452D0328CCDBE800290675 = {
						CreatedOnToolsVersion = 14.0;
					};
				};
			};
			buildConfigurationList = 41452CFF28CCDBE800290675 /* Build configuration list for PBXProject "2048Game" */;
			compatibilityVersion = "Xcode 14.0";
			developmentRegion = en;
			hasScannedForEncodings = 0;
			knownRegions = (
				en,
				Base,
			);
			mainGroup = 41452CFB28CCDBE800290675;
			productRefGroup = 41452D0528CCDBE800290675 /* Products */;
			projectDirPath = "";
			projectRoot = "";
			targets = (
				41452D0328CCDBE800290675 /* 2048Game */,
			);
		};
/* End PBXProject section */

/* Begin PBXResourcesBuildPhase section */
		41452D0228CCDBE800290675 /* Resources */ = {
			isa = PBXResourcesBuildPhase;
			buildActionMask = 2147483647;
			files = (
				41452D0F28CCDBE900290675 /* Preview Assets.xcassets in Resources */,
				4143051E28F4C62600FF8A54 /* README.md in Resources */,
				4143052028F4C8B700FF8A54 /* Icon.jpeg in Resources */,
				4143052528F4CE5200FF8A54 /* screen3.png in Resources */,
				4143052428F4CE5200FF8A54 /* screen1.png in Resources */,
				41452D0C28CCDBE900290675 /* Assets.xcassets in Resources */,
				4143052628F4CE5200FF8A54 /* screen2.png in Resources */,
			);
			runOnlyForDeploymentPostprocessing = 0;
		};
/* End PBXResourcesBuildPhase section */

/* Begin PBXSourcesBuildPhase section */
		41452D0028CCDBE800290675 /* Sources */ = {
			isa = PBXSourcesBuildPhase;
			buildActionMask = 2147483647;
			files = (
				418A072F28D78ED5003C92FF /* GameEngine.swift in Sources */,
				418A073728DA2169003C92FF /* GameViewModel.swift in Sources */,
				41452D0A28CCDBE800290675 /* MainGameView.swift in Sources */,
				41DA333928F32AD30069CA80 /* GridView.swift in Sources */,
				41CCCB6C28D1453E0081AF19 /* LocalFileManager.swift in Sources */,
				418A073928DA52AD003C92FF /* GameDataManager.swift in Sources */,
				41452D1A28CCDC5300290675 /* Cell.swift in Sources */,
				418A072C28D78D0D003C92FF /* IntFormat.swift in Sources */,
				41DA333528F262890069CA80 /* InfoCard.swift in Sources */,
				41C3627B28CCE69F0040804B /* CellView.swift in Sources */,
				418A072A28D78C6F003C92FF /* ColorTheme.swift in Sources */,
				418A073128D8DD90003C92FF /* GameGridView.swift in Sources */,
				41452D0828CCDBE800290675 /* NumbersGameApp.swift in Sources */,
			);
			runOnlyForDeploymentPostprocessing = 0;
		};
/* End PBXSourcesBuildPhase section */

/* Begin XCBuildConfiguration section */
		41452D1028CCDBE900290675 /* Debug */ = {
			isa = XCBuildConfiguration;
			buildSettings = {
				ALWAYS_SEARCH_USER_PATHS = NO;
				CLANG_ANALYZER_NONNULL = YES;
				CLANG_ANALYZER_NUMBER_OBJECT_CONVERSION = YES_AGGRESSIVE;
				CLANG_CXX_LANGUAGE_STANDARD = "gnu++17";
				CLANG_ENABLE_MODULES = YES;
				CLANG_ENABLE_OBJC_ARC = YES;
				CLANG_ENABLE_OBJC_WEAK = YES;
				CLANG_WARN_BLOCK_CAPTURE_AUTORELEASING = YES;
				CLANG_WARN_BOOL_CONVERSION = YES;
				CLANG_WARN_COMMA = YES;
				CLANG_WARN_CONSTANT_CONVERSION = YES;
				CLANG_WARN_DEPRECATED_OBJC_IMPLEMENTATIONS = YES;
				CLANG_WARN_DIRECT_OBJC_ISA_USAGE = YES_ERROR;
				CLANG_WARN_DOCUMENTATION_COMMENTS = YES;
				CLANG_WARN_EMPTY_BODY = YES;
				CLANG_WARN_ENUM_CONVERSION = YES;
				CLANG_WARN_INFINITE_RECURSION = YES;
				CLANG_WARN_INT_CONVERSION = YES;
				CLANG_WARN_NON_LITERAL_NULL_CONVERSION = YES;
				CLANG_WARN_OBJC_IMPLICIT_RETAIN_SELF = YES;
				CLANG_WARN_OBJC_LITERAL_CONVERSION = YES;
				CLANG_WARN_OBJC_ROOT_CLASS = YES_ERROR;
				CLANG_WARN_QUOTED_INCLUDE_IN_FRAMEWORK_HEADER = YES;
				CLANG_WARN_RANGE_LOOP_ANALYSIS = YES;
				CLANG_WARN_STRICT_PROTOTYPES = YES;
				CLANG_WARN_SUSPICIOUS_MOVE = YES;
				CLANG_WARN_UNGUARDED_AVAILABILITY = YES_AGGRESSIVE;
				CLANG_WARN_UNREACHABLE_CODE = YES;
				CLANG_WARN__DUPLICATE_METHOD_MATCH = YES;
				COPY_PHASE_STRIP = NO;
				DEBUG_INFORMATION_FORMAT = dwarf;
				ENABLE_STRICT_OBJC_MSGSEND = YES;
				ENABLE_TESTABILITY = YES;
				GCC_C_LANGUAGE_STANDARD = gnu11;
				GCC_DYNAMIC_NO_PIC = NO;
				GCC_NO_COMMON_BLOCKS = YES;
				GCC_OPTIMIZATION_LEVEL = 0;
				GCC_PREPROCESSOR_DEFINITIONS = (
					"DEBUG=1",
					"$(inherited)",
				);
				GCC_WARN_64_TO_32_BIT_CONVERSION = YES;
				GCC_WARN_ABOUT_RETURN_TYPE = YES_ERROR;
				GCC_WARN_UNDECLARED_SELECTOR = YES;
				GCC_WARN_UNINITIALIZED_AUTOS = YES_AGGRESSIVE;
				GCC_WARN_UNUSED_FUNCTION = YES;
				GCC_WARN_UNUSED_VARIABLE = YES;
				IPHONEOS_DEPLOYMENT_TARGET = 16.0;
				MTL_ENABLE_DEBUG_INFO = INCLUDE_SOURCE;
				MTL_FAST_MATH = YES;
				ONLY_ACTIVE_ARCH = YES;
				SDKROOT = iphoneos;
				SWIFT_ACTIVE_COMPILATION_CONDITIONS = DEBUG;
				SWIFT_OPTIMIZATION_LEVEL = "-Onone";
			};
			name = Debug;
		};
		41452D1128CCDBE900290675 /* Release */ = {
			isa = XCBuildConfiguration;
			buildSettings = {
				ALWAYS_SEARCH_USER_PATHS = NO;
				CLANG_ANALYZER_NONNULL = YES;
				CLANG_ANALYZER_NUMBER_OBJECT_CONVERSION = YES_AGGRESSIVE;
				CLANG_CXX_LANGUAGE_STANDARD = "gnu++17";
				CLANG_ENABLE_MODULES = YES;
				CLANG_ENABLE_OBJC_ARC = YES;
				CLANG_ENABLE_OBJC_WEAK = YES;
				CLANG_WARN_BLOCK_CAPTURE_AUTORELEASING = YES;
				CLANG_WARN_BOOL_CONVERSION = YES;
				CLANG_WARN_COMMA = YES;
				CLANG_WARN_CONSTANT_CONVERSION = YES;
				CLANG_WARN_DEPRECATED_OBJC_IMPLEMENTATIONS = YES;
				CLANG_WARN_DIRECT_OBJC_ISA_USAGE = YES_ERROR;
				CLANG_WARN_DOCUMENTATION_COMMENTS = YES;
				CLANG_WARN_EMPTY_BODY = YES;
				CLANG_WARN_ENUM_CONVERSION = YES;
				CLANG_WARN_INFINITE_RECURSION = YES;
				CLANG_WARN_INT_CONVERSION = YES;
				CLANG_WARN_NON_LITERAL_NULL_CONVERSION = YES;
				CLANG_WARN_OBJC_IMPLICIT_RETAIN_SELF = YES;
				CLANG_WARN_OBJC_LITERAL_CONVERSION = YES;
				CLANG_WARN_OBJC_ROOT_CLASS = YES_ERROR;
				CLANG_WARN_QUOTED_INCLUDE_IN_FRAMEWORK_HEADER = YES;
				CLANG_WARN_RANGE_LOOP_ANALYSIS = YES;
				CLANG_WARN_STRICT_PROTOTYPES = YES;
				CLANG_WARN_SUSPICIOUS_MOVE = YES;
				CLANG_WARN_UNGUARDED_AVAILABILITY = YES_AGGRESSIVE;
				CLANG_WARN_UNREACHABLE_CODE = YES;
				CLANG_WARN__DUPLICATE_METHOD_MATCH = YES;
				COPY_PHASE_STRIP = NO;
				DEBUG_INFORMATION_FORMAT = "dwarf-with-dsym";
				ENABLE_NS_ASSERTIONS = NO;
				ENABLE_STRICT_OBJC_MSGSEND = YES;
				GCC_C_LANGUAGE_STANDARD = gnu11;
				GCC_NO_COMMON_BLOCKS = YES;
				GCC_WARN_64_TO_32_BIT_CONVERSION = YES;
				GCC_WARN_ABOUT_RETURN_TYPE = YES_ERROR;
				GCC_WARN_UNDECLARED_SELECTOR = YES;
				GCC_WARN_UNINITIALIZED_AUTOS = YES_AGGRESSIVE;
				GCC_WARN_UNUSED_FUNCTION = YES;
				GCC_WARN_UNUSED_VARIABLE = YES;
				IPHONEOS_DEPLOYMENT_TARGET = 16.0;
				MTL_ENABLE_DEBUG_INFO = NO;
				MTL_FAST_MATH = YES;
				SDKROOT = iphoneos;
				SWIFT_COMPILATION_MODE = wholemodule;
				SWIFT_OPTIMIZATION_LEVEL = "-O";
				VALIDATE_PRODUCT = YES;
			};
			name = Release;
		};
		41452D1328CCDBE900290675 /* Debug */ = {
			isa = XCBuildConfiguration;
			buildSettings = {
				ASSETCATALOG_COMPILER_APPICON_NAME = AppIcon;
				ASSETCATALOG_COMPILER_GLOBAL_ACCENT_COLOR_NAME = AccentColor;
				CODE_SIGN_STYLE = Automatic;
				CURRENT_PROJECT_VERSION = 2;
				DEVELOPMENT_ASSET_PATHS = "\"2048Game/Preview Content\"";
				DEVELOPMENT_TEAM = 6AZ8WMLP5K;
				ENABLE_PREVIEWS = YES;
				GENERATE_INFOPLIST_FILE = YES;
				INFOPLIST_KEY_CFBundleDisplayName = 2048;
				INFOPLIST_KEY_LSApplicationCategoryType = "public.app-category.games";
				INFOPLIST_KEY_UIApplicationSceneManifest_Generation = YES;
				INFOPLIST_KEY_UIApplicationSupportsIndirectInputEvents = YES;
				INFOPLIST_KEY_UILaunchScreen_Generation = YES;
				INFOPLIST_KEY_UISupportedInterfaceOrientations = UIInterfaceOrientationPortrait;
				INFOPLIST_KEY_UISupportedInterfaceOrientations_iPad = "UIInterfaceOrientationLandscapeLeft UIInterfaceOrientationLandscapeRight UIInterfaceOrientationPortraitUpsideDown";
				IPHONEOS_DEPLOYMENT_TARGET = 15.0;
				LD_RUNPATH_SEARCH_PATHS = (
					"$(inherited)",
					"@executable_path/Frameworks",
				);
				MARKETING_VERSION = 1.0;
				PRODUCT_BUNDLE_IDENTIFIER = com.mutagrey.NumbersGame;
				PRODUCT_NAME = "$(TARGET_NAME)";
				SWIFT_EMIT_LOC_STRINGS = YES;
				SWIFT_VERSION = 5.0;
				TARGETED_DEVICE_FAMILY = "1,2";
			};
			name = Debug;
		};
		41452D1428CCDBE900290675 /* Release */ = {
			isa = XCBuildConfiguration;
			buildSettings = {
				ASSETCATALOG_COMPILER_APPICON_NAME = AppIcon;
				ASSETCATALOG_COMPILER_GLOBAL_ACCENT_COLOR_NAME = AccentColor;
				CODE_SIGN_STYLE = Automatic;
				CURRENT_PROJECT_VERSION = 2;
				DEVELOPMENT_ASSET_PATHS = "\"2048Game/Preview Content\"";
				DEVELOPMENT_TEAM = 6AZ8WMLP5K;
				ENABLE_PREVIEWS = YES;
				GENERATE_INFOPLIST_FILE = YES;
				INFOPLIST_KEY_CFBundleDisplayName = 2048;
				INFOPLIST_KEY_LSApplicationCategoryType = "public.app-category.games";
				INFOPLIST_KEY_UIApplicationSceneManifest_Generation = YES;
				INFOPLIST_KEY_UIApplicationSupportsIndirectInputEvents = YES;
				INFOPLIST_KEY_UILaunchScreen_Generation = YES;
				INFOPLIST_KEY_UISupportedInterfaceOrientations = UIInterfaceOrientationPortrait;
				INFOPLIST_KEY_UISupportedInterfaceOrientations_iPad = "UIInterfaceOrientationLandscapeLeft UIInterfaceOrientationLandscapeRight UIInterfaceOrientationPortraitUpsideDown";
				IPHONEOS_DEPLOYMENT_TARGET = 15.0;
				LD_RUNPATH_SEARCH_PATHS = (
					"$(inherited)",
					"@executable_path/Frameworks",
				);
				MARKETING_VERSION = 1.0;
				PRODUCT_BUNDLE_IDENTIFIER = com.mutagrey.NumbersGame;
				PRODUCT_NAME = "$(TARGET_NAME)";
				SWIFT_EMIT_LOC_STRINGS = YES;
				SWIFT_VERSION = 5.0;
				TARGETED_DEVICE_FAMILY = "1,2";
			};
			name = Release;
		};
/* End XCBuildConfiguration section */

/* Begin XCConfigurationList section */
		41452CFF28CCDBE800290675 /* Build configuration list for PBXProject "2048Game" */ = {
			isa = XCConfigurationList;
			buildConfigurations = (
				41452D1028CCDBE900290675 /* Debug */,
				41452D1128CCDBE900290675 /* Release */,
			);
			defaultConfigurationIsVisible = 0;
			defaultConfigurationName = Release;
		};
		41452D1228CCDBE900290675 /* Build configuration list for PBXNativeTarget "2048Game" */ = {
			isa = XCConfigurationList;
			buildConfigurations = (
				41452D1328CCDBE900290675 /* Debug */,
				41452D1428CCDBE900290675 /* Release */,
			);
			defaultConfigurationIsVisible = 0;
			defaultConfigurationName = Release;
		};
/* End XCConfigurationList section */
	};
	rootObject = 41452CFC28CCDBE800290675 /* Project object */;
}
